
Microsoft Visual Studio Solution File, Format Version 12.00
# Visual Studio Version 17
VisualStudioVersion = 17.10.35027.167
MinimumVisualStudioVersion = 10.0.40219.1
Project("{FAE04EC0-301F-11D3-BF4B-00C04F79EFBC}") = "work", "work.csproj", "{BAA9E6B1-A48C-4CA0-974C-1DC0FCB9EE01}"
EndProject
Global
	GlobalSection(SolutionConfigurationPlatforms) = preSolution
		Debug|Any CPU = Debug|Any CPU
		Release|Any CPU = Release|Any CPU
	EndGlobalSection
	GlobalSection(ProjectConfigurationPlatforms) = postSolution
		{BAA9E6B1-A48C-4CA0-974C-1DC0FCB9EE01}.Debug|Any CPU.ActiveCfg = Debug|Any CPU
		{BAA9E6B1-A48C-4CA0-974C-1DC0FCB9EE01}.Debug|Any CPU.Build.0 = Debug|Any CPU
		{BAA9E6B1-A48C-4CA0-974C-1DC0FCB9EE01}.Release|Any CPU.ActiveCfg = Release|Any CPU
		{BAA9E6B1-A48C-4CA0-974C-1DC0FCB9EE01}.Release|Any CPU.Build.0 = Release|Any CPU
	EndGlobalSection
	GlobalSection(SolutionProperties) = preSolution
		HideSolutionNode = FALSE
	EndGlobalSection
	GlobalSection(ExtensibilityGlobals) = postSolution
		SolutionGuid = {48D34A38-A9B2-4320-93C3-F24BC8198719}
	EndGlobalSection
EndGlobal
